{
  "version": 4,
  "terraform_version": "1.5.7",
  "serial": 140,
  "lineage": "e5d9151a-353b-39da-3496-2a9ad24a41ea",
  "outputs": {
    "app_server_id": {
      "value": "522123497",
      "type": "string"
    },
    "app_server_ip": {
      "value": "157.230.79.144",
      "type": "string"
    },
    "deployment_info": {
      "value": "\n============================================\nKAMINSKYI MESSENGER - DEPLOYMENT INFO\n============================================\n\nApplication Server:\n  IP: 157.230.79.144\n  SSH: ssh root@157.230.79.144\n  Info: cat /root/messenger-server-info.txt\n\nTURN Server:\n  IP: 164.90.242.199\n  SSH: ssh root@164.90.242.199\n  Info: cat /root/turn-server-info.txt\n\nTURN Configuration:\n  URLs:\n    - turn:164.90.242.199:3478?transport=udp\n    - turn:164.90.242.199:3478?transport=tcp\n    - turns:164.90.242.199:5349?transport=tcp\n  Username: kaminskyi-25a04450ce8b905b\n  Password: Q2dzXnKfA8WYhO6HRV3TUhldD0DRQZMu\n\nNext Steps:\n  1. Point your domain A record to: 157.230.79.144\n  2. Point turn subdomain to: 164.90.242.199\n  3. Deploy app: cd .. \u0026\u0026 ./deploy.sh\n  4. Setup SSL: ssh to servers and run certbot\n\n============================================\n",
      "type": "string",
      "sensitive": true
    },
    "redis_password": {
      "value": "Check /root/redis-password.txt on app server",
      "type": "string",
      "sensitive": true
    },
    "turn_config": {
      "value": {
        "credential": "*** HIDDEN ***",
        "urls": [
          "turn:164.90.242.199:3478?transport=udp",
          "turn:164.90.242.199:3478?transport=tcp",
          "turns:164.90.242.199:5349?transport=tcp"
        ],
        "username": "kaminskyi-25a04450ce8b905b"
      },
      "type": [
        "object",
        {
          "credential": "string",
          "urls": [
            "tuple",
            [
              "string",
              "string",
              "string"
            ]
          ],
          "username": "string"
        }
      ],
      "sensitive": true
    },
    "turn_server_id": {
      "value": "522123449",
      "type": "string"
    },
    "turn_server_ip": {
      "value": "164.90.242.199",
      "type": "string"
    }
  },
  "resources": [
    {
      "mode": "managed",
      "type": "digitalocean_droplet",
      "name": "app_server",
      "provider": "provider[\"registry.terraform.io/digitalocean/digitalocean\"]",
      "instances": [
        {
          "schema_version": 1,
          "attributes": {
            "backup_policy": [],
            "backups": false,
            "created_at": "2025-10-02T11:48:56Z",
            "disk": 80,
            "droplet_agent": null,
            "graceful_shutdown": false,
            "id": "522123497",
            "image": "ubuntu-22-04-x64",
            "ipv4_address": "64.227.116.250",
            "ipv4_address_private": "10.114.0.5",
            "ipv6": true,
            "ipv6_address": "2a03:b0c0:3:f0:0:1:61f6:e000",
            "locked": false,
            "memory": 4096,
            "monitoring": true,
            "name": "kaminskyi-messenger-production",
            "price_hourly": 0.03571,
            "price_monthly": 24,
            "private_networking": true,
            "region": "fra1",
            "resize_disk": true,
            "size": "s-2vcpu-4gb",
            "ssh_keys": [
              "51136344"
            ],
            "status": "active",
            "tags": [
              "messenger-app",
              "production",
              "webrtc"
            ],
            "timeouts": null,
            "urn": "do:droplet:522123497",
            "user_data": "1ca40ef5efa8df3971b48b2cb4ece28e4396d0fb",
            "vcpus": 2,
            "volume_ids": [],
            "vpc_uuid": "2a5479e7-6818-4e38-8b17-16672782110d"
          },
          "sensitive_attributes": [
            [
              {
                "type": "get_attr",
                "value": "user_data"
              }
            ]
          ],
          "private": "eyJlMmJmYjczMC1lY2FhLTExZTYtOGY4OC0zNDM2M2JjN2M0YzAiOnsiY3JlYXRlIjozNjAwMDAwMDAwMDAwLCJkZWxldGUiOjYwMDAwMDAwMDAwLCJ1cGRhdGUiOjM2MDAwMDAwMDAwMDB9LCJzY2hlbWFfdmVyc2lvbiI6IjEifQ==",
          "dependencies": [
            "digitalocean_droplet.turn_server",
            "digitalocean_reserved_ip.turn_ip"
          ]
        }
      ]
    },
    {
      "mode": "managed",
      "type": "digitalocean_droplet",
      "name": "turn_server",
      "provider": "provider[\"registry.terraform.io/digitalocean/digitalocean\"]",
      "instances": [
        {
          "schema_version": 1,
          "attributes": {
            "backup_policy": [],
            "backups": false,
            "created_at": "2025-10-02T11:48:24Z",
            "disk": 50,
            "droplet_agent": null,
            "graceful_shutdown": false,
            "id": "522123449",
            "image": "ubuntu-22-04-x64",
            "ipv4_address": "64.226.72.235",
            "ipv4_address_private": "10.114.0.6",
            "ipv6": true,
            "ipv6_address": "2a03:b0c0:3:f0:0:1:61f6:d000",
            "locked": false,
            "memory": 2048,
            "monitoring": true,
            "name": "kaminskyi-turn-production",
            "price_hourly": 0.01786,
            "price_monthly": 12,
            "private_networking": true,
            "region": "fra1",
            "resize_disk": true,
            "size": "s-1vcpu-2gb",
            "ssh_keys": [
              "51136344"
            ],
            "status": "active",
            "tags": [
              "production",
              "turn-server",
              "webrtc"
            ],
            "timeouts": null,
            "urn": "do:droplet:522123449",
            "user_data": "283e1f172932be9e525a64b28461a4326d18fef6",
            "vcpus": 1,
            "volume_ids": [],
            "vpc_uuid": "2a5479e7-6818-4e38-8b17-16672782110d"
          },
          "sensitive_attributes": [
            [
              {
                "type": "get_attr",
                "value": "user_data"
              }
            ]
          ],
          "private": "eyJlMmJmYjczMC1lY2FhLTExZTYtOGY4OC0zNDM2M2JjN2M0YzAiOnsiY3JlYXRlIjozNjAwMDAwMDAwMDAwLCJkZWxldGUiOjYwMDAwMDAwMDAwLCJ1cGRhdGUiOjM2MDAwMDAwMDAwMDB9LCJzY2hlbWFfdmVyc2lvbiI6IjEifQ=="
        }
      ]
    },
    {
      "mode": "managed",
      "type": "digitalocean_firewall",
      "name": "app_firewall",
      "provider": "provider[\"registry.terraform.io/digitalocean/digitalocean\"]",
      "instances": [
        {
          "schema_version": 0,
          "attributes": {
            "created_at": "2025-10-02T11:49:30Z",
            "droplet_ids": [
              522123497
            ],
            "id": "e46c6684-84ae-47a1-9338-a3a3fffcf962",
            "inbound_rule": [
              {
                "port_range": "22",
                "protocol": "tcp",
                "source_addresses": [
                  "0.0.0.0/0"
                ],
                "source_droplet_ids": [],
                "source_kubernetes_ids": [],
                "source_load_balancer_uids": [],
                "source_tags": []
              },
              {
                "port_range": "443",
                "protocol": "tcp",
                "source_addresses": [
                  "0.0.0.0/0",
                  "::/0"
                ],
                "source_droplet_ids": [],
                "source_kubernetes_ids": [],
                "source_load_balancer_uids": [],
                "source_tags": []
              },
              {
                "port_range": "6379",
                "protocol": "tcp",
                "source_addresses": [
                  "64.227.116.250/32"
                ],
                "source_droplet_ids": [],
                "source_kubernetes_ids": [],
                "source_load_balancer_uids": [],
                "source_tags": []
              },
              {
                "port_range": "80",
                "protocol": "tcp",
                "source_addresses": [
                  "0.0.0.0/0",
                  "::/0"
                ],
                "source_droplet_ids": [],
                "source_kubernetes_ids": [],
                "source_load_balancer_uids": [],
                "source_tags": []
              },
              {
                "port_range": "8080",
                "protocol": "tcp",
                "source_addresses": [
                  "0.0.0.0/0",
                  "::/0"
                ],
                "source_droplet_ids": [],
                "source_kubernetes_ids": [],
                "source_load_balancer_uids": [],
                "source_tags": []
              }
            ],
            "name": "kaminskyi-app-firewall-production",
            "outbound_rule": [
              {
                "destination_addresses": [
                  "0.0.0.0/0",
                  "::/0"
                ],
                "destination_droplet_ids": [],
                "destination_kubernetes_ids": [],
                "destination_load_balancer_uids": [],
                "destination_tags": [],
                "port_range": "",
                "protocol": "icmp"
              },
              {
                "destination_addresses": [
                  "0.0.0.0/0",
                  "::/0"
                ],
                "destination_droplet_ids": [],
                "destination_kubernetes_ids": [],
                "destination_load_balancer_uids": [],
                "destination_tags": [],
                "port_range": "1-65535",
                "protocol": "tcp"
              },
              {
                "destination_addresses": [
                  "0.0.0.0/0",
                  "::/0"
                ],
                "destination_droplet_ids": [],
                "destination_kubernetes_ids": [],
                "destination_load_balancer_uids": [],
                "destination_tags": [],
                "port_range": "1-65535",
                "protocol": "udp"
              }
            ],
            "pending_changes": [
              {
                "droplet_id": 522123497,
                "removing": false,
                "status": "waiting"
              }
            ],
            "status": "waiting",
            "tags": null
          },
          "sensitive_attributes": [],
          "private": "bnVsbA==",
          "dependencies": [
            "digitalocean_droplet.app_server",
            "digitalocean_droplet.turn_server",
            "digitalocean_reserved_ip.turn_ip"
          ]
        }
      ]
    },
    {
      "mode": "managed",
      "type": "digitalocean_firewall",
      "name": "turn_firewall",
      "provider": "provider[\"registry.terraform.io/digitalocean/digitalocean\"]",
      "instances": [
        {
          "schema_version": 0,
          "attributes": {
            "created_at": "2025-10-02T11:48:59Z",
            "droplet_ids": [
              522123449
            ],
            "id": "b8030d7c-55ed-4bf7-a42e-3fa674d7169b",
            "inbound_rule": [
              {
                "port_range": "22",
                "protocol": "tcp",
                "source_addresses": [
                  "0.0.0.0/0"
                ],
                "source_droplet_ids": [],
                "source_kubernetes_ids": [],
                "source_load_balancer_uids": [],
                "source_tags": []
              },
              {
                "port_range": "3478",
                "protocol": "tcp",
                "source_addresses": [
                  "0.0.0.0/0",
                  "::/0"
                ],
                "source_droplet_ids": [],
                "source_kubernetes_ids": [],
                "source_load_balancer_uids": [],
                "source_tags": []
              },
              {
                "port_range": "3478",
                "protocol": "udp",
                "source_addresses": [
                  "0.0.0.0/0",
                  "::/0"
                ],
                "source_droplet_ids": [],
                "source_kubernetes_ids": [],
                "source_load_balancer_uids": [],
                "source_tags": []
              },
              {
                "port_range": "443",
                "protocol": "tcp",
                "source_addresses": [
                  "0.0.0.0/0",
                  "::/0"
                ],
                "source_droplet_ids": [],
                "source_kubernetes_ids": [],
                "source_load_balancer_uids": [],
                "source_tags": []
              },
              {
                "port_range": "49152-65535",
                "protocol": "udp",
                "source_addresses": [
                  "0.0.0.0/0",
                  "::/0"
                ],
                "source_droplet_ids": [],
                "source_kubernetes_ids": [],
                "source_load_balancer_uids": [],
                "source_tags": []
              },
              {
                "port_range": "5349",
                "protocol": "tcp",
                "source_addresses": [
                  "0.0.0.0/0",
                  "::/0"
                ],
                "source_droplet_ids": [],
                "source_kubernetes_ids": [],
                "source_load_balancer_uids": [],
                "source_tags": []
              },
              {
                "port_range": "80",
                "protocol": "tcp",
                "source_addresses": [
                  "0.0.0.0/0",
                  "::/0"
                ],
                "source_droplet_ids": [],
                "source_kubernetes_ids": [],
                "source_load_balancer_uids": [],
                "source_tags": []
              }
            ],
            "name": "kaminskyi-turn-firewall-production",
            "outbound_rule": [
              {
                "destination_addresses": [
                  "0.0.0.0/0",
                  "::/0"
                ],
                "destination_droplet_ids": [],
                "destination_kubernetes_ids": [],
                "destination_load_balancer_uids": [],
                "destination_tags": [],
                "port_range": "",
                "protocol": "icmp"
              },
              {
                "destination_addresses": [
                  "0.0.0.0/0",
                  "::/0"
                ],
                "destination_droplet_ids": [],
                "destination_kubernetes_ids": [],
                "destination_load_balancer_uids": [],
                "destination_tags": [],
                "port_range": "1-65535",
                "protocol": "tcp"
              },
              {
                "destination_addresses": [
                  "0.0.0.0/0",
                  "::/0"
                ],
                "destination_droplet_ids": [],
                "destination_kubernetes_ids": [],
                "destination_load_balancer_uids": [],
                "destination_tags": [],
                "port_range": "1-65535",
                "protocol": "udp"
              }
            ],
            "pending_changes": [
              {
                "droplet_id": 522123449,
                "removing": false,
                "status": "waiting"
              }
            ],
            "status": "waiting",
            "tags": null
          },
          "sensitive_attributes": [],
          "private": "bnVsbA==",
          "dependencies": [
            "digitalocean_droplet.turn_server"
          ]
        }
      ]
    },
    {
      "mode": "managed",
      "type": "digitalocean_reserved_ip",
      "name": "app_ip",
      "provider": "provider[\"registry.terraform.io/digitalocean/digitalocean\"]",
      "instances": [
        {
          "schema_version": 0,
          "attributes": {
            "droplet_id": null,
            "id": "157.230.79.144",
            "ip_address": "157.230.79.144",
            "region": "fra1",
            "urn": "do:reservedip:157.230.79.144"
          },
          "sensitive_attributes": [],
          "private": "bnVsbA=="
        }
      ]
    },
    {
      "mode": "managed",
      "type": "digitalocean_reserved_ip",
      "name": "turn_ip",
      "provider": "provider[\"registry.terraform.io/digitalocean/digitalocean\"]",
      "instances": [
        {
          "schema_version": 0,
          "attributes": {
            "droplet_id": null,
            "id": "164.90.242.199",
            "ip_address": "164.90.242.199",
            "region": "fra1",
            "urn": "do:reservedip:164.90.242.199"
          },
          "sensitive_attributes": [],
          "private": "bnVsbA=="
        }
      ]
    },
    {
      "mode": "managed",
      "type": "digitalocean_reserved_ip_assignment",
      "name": "app_ip_assignment",
      "provider": "provider[\"registry.terraform.io/digitalocean/digitalocean\"]",
      "instances": [
        {
          "schema_version": 0,
          "attributes": {
            "droplet_id": 522123497,
            "id": "522123497-157.230.79.144-20251002114940227300000001",
            "ip_address": "157.230.79.144"
          },
          "sensitive_attributes": [],
          "private": "bnVsbA==",
          "dependencies": [
            "digitalocean_droplet.app_server",
            "digitalocean_droplet.turn_server",
            "digitalocean_reserved_ip.app_ip",
            "digitalocean_reserved_ip.turn_ip"
          ]
        }
      ]
    }
  ],
  "check_results": null
}
